// !$*UTF8*$!
{
	archiveVersion = 1;
	classes = {
	};
	objectVersion = 55;
	objects = {

/* Begin PBXBuildFile section */
		E0809EDA2A5E491F004C81E9 /* dls_appApp.swift in Sources */ = {isa = PBXBuildFile; fileRef = E0809ED92A5E491F004C81E9 /* dls_appApp.swift */; };
		E0809EDC2A5E491F004C81E9 /* ContentView.swift in Sources */ = {isa = PBXBuildFile; fileRef = E0809EDB2A5E491F004C81E9 /* ContentView.swift */; };
		E0809EDE2A5E4921004C81E9 /* Assets.xcassets in Resources */ = {isa = PBXBuildFile; fileRef = E0809EDD2A5E4921004C81E9 /* Assets.xcassets */; };
		E0809EE12A5E4921004C81E9 /* Preview Assets.xcassets in Resources */ = {isa = PBXBuildFile; fileRef = E0809EE02A5E4921004C81E9 /* Preview Assets.xcassets */; };
		E0809EEB2A5E4921004C81E9 /* dls_appTests.swift in Sources */ = {isa = PBXBuildFile; fileRef = E0809EEA2A5E4921004C81E9 /* dls_appTests.swift */; };
		E0809EF52A5E4921004C81E9 /* dls_appUITests.swift in Sources */ = {isa = PBXBuildFile; fileRef = E0809EF42A5E4921004C81E9 /* dls_appUITests.swift */; };
		E0809EF72A5E4921004C81E9 /* dls_appUITestsLaunchTests.swift in Sources */ = {isa = PBXBuildFile; fileRef = E0809EF62A5E4921004C81E9 /* dls_appUITestsLaunchTests.swift */; };
/* End PBXBuildFile section */

/* Begin PBXContainerItemProxy section */
		E0809EE72A5E4921004C81E9 /* PBXContainerItemProxy */ = {
			isa = PBXContainerItemProxy;
			containerPortal = E0809ECE2A5E491F004C81E9 /* Project object */;
			proxyType = 1;
			remoteGlobalIDString = E0809ED52A5E491F004C81E9;
			remoteInfo = "dls-app";
		};
		E0809EF12A5E4921004C81E9 /* PBXContainerItemProxy */ = {
			isa = PBXContainerItemProxy;
			containerPortal = E0809ECE2A5E491F004C81E9 /* Project object */;
			proxyType = 1;
			remoteGlobalIDString = E0809ED52A5E491F004C81E9;
			remoteInfo = "dls-app";
		};
/* End PBXContainerItemProxy section */

/* Begin PBXFileReference section */
		E0809ED62A5E491F004C81E9 /* dls-app.app */ = {isa = PBXFileReference; explicitFileType = wrapper.application; includeInIndex = 0; path = "dls-app.app"; sourceTree = BUILT_PRODUCTS_DIR; };
		E0809ED92A5E491F004C81E9 /* dls_appApp.swift */ = {isa = PBXFileReference; lastKnownFileType = sourcecode.swift; path = dls_appApp.swift; sourceTree = "<group>"; };
		E0809EDB2A5E491F004C81E9 /* ContentView.swift */ = {isa = PBXFileReference; lastKnownFileType = sourcecode.swift; path = ContentView.swift; sourceTree = "<group>"; };
		E0809EDD2A5E4921004C81E9 /* Assets.xcassets */ = {isa = PBXFileReference; lastKnownFileType = folder.assetcatalog; path = Assets.xcassets; sourceTree = "<group>"; };
		E0809EE02A5E4921004C81E9 /* Preview Assets.xcassets */ = {isa = PBXFileReference; lastKnownFileType = folder.assetcatalog; path = "Preview Assets.xcassets"; sourceTree = "<group>"; };
		E0809EE62A5E4921004C81E9 /* dls-appTests.xctest */ = {isa = PBXFileReference; explicitFileType = wrapper.cfbundle; includeInIndex = 0; path = "dls-appTests.xctest"; sourceTree = BUILT_PRODUCTS_DIR; };
		E0809EEA2A5E4921004C81E9 /* dls_appTests.swift */ = {isa = PBXFileReference; lastKnownFileType = sourcecode.swift; path = dls_appTests.swift; sourceTree = "<group>"; };
		E0809EF02A5E4921004C81E9 /* dls-appUITests.xctest */ = {isa = PBXFileReference; explicitFileType = wrapper.cfbundle; includeInIndex = 0; path = "dls-appUITests.xctest"; sourceTree = BUILT_PRODUCTS_DIR; };
		E0809EF42A5E4921004C81E9 /* dls_appUITests.swift */ = {isa = PBXFileReference; lastKnownFileType = sourcecode.swift; path = dls_appUITests.swift; sourceTree = "<group>"; };
		E0809EF62A5E4921004C81E9 /* dls_appUITestsLaunchTests.swift */ = {isa = PBXFileReference; lastKnownFileType = sourcecode.swift; path = dls_appUITestsLaunchTests.swift; sourceTree = "<group>"; };
/* End PBXFileReference section */

/* Begin PBXFrameworksBuildPhase section */
		E0809ED32A5E491F004C81E9 /* Frameworks */ = {
			isa = PBXFrameworksBuildPhase;
			buildActionMask = 2147483647;
			files = (
			);
			runOnlyForDeploymentPostprocessing = 0;
		};
		E0809EE32A5E4921004C81E9 /* Frameworks */ = {
			isa = PBXFrameworksBuildPhase;
			buildActionMask = 2147483647;
			files = (
			);
			runOnlyForDeploymentPostprocessing = 0;
		};
		E0809EED2A5E4921004C81E9 /* Frameworks */ = {
			isa = PBXFrameworksBuildPhase;
			buildActionMask = 2147483647;
			files = (
			);
			runOnlyForDeploymentPostprocessing = 0;
		};
/* End PBXFrameworksBuildPhase section */

/* Begin PBXGroup section */
		E0809ECD2A5E491F004C81E9 = {
			isa = PBXGroup;
			children = (
				E0809ED82A5E491F004C81E9 /* dls-app */,
				E0809EE92A5E4921004C81E9 /* dls-appTests */,
				E0809EF32A5E4921004C81E9 /* dls-appUITests */,
				E0809ED72A5E491F004C81E9 /* Products */,
			);
			sourceTree = "<group>";
		};
		E0809ED72A5E491F004C81E9 /* Products */ = {
			isa = PBXGroup;
			children = (
				E0809ED62A5E491F004C81E9 /* dls-app.app */,
				E0809EE62A5E4921004C81E9 /* dls-appTests.xctest */,
				E0809EF02A5E4921004C81E9 /* dls-appUITests.xctest */,
			);
			name = Products;
			sourceTree = "<group>";
		};
		E0809ED82A5E491F004C81E9 /* dls-app */ = {
			isa = PBXGroup;
			children = (
				E0809ED92A5E491F004C81E9 /* dls_appApp.swift */,
				E0809EDB2A5E491F004C81E9 /* ContentView.swift */,
				E0809EDD2A5E4921004C81E9 /* Assets.xcassets */,
				E0809EDF2A5E4921004C81E9 /* Preview Content */,
			);
			path = "dls-app";
			sourceTree = "<group>";
		};
		E0809EDF2A5E4921004C81E9 /* Preview Content */ = {
			isa = PBXGroup;
			children = (
				E0809EE02A5E4921004C81E9 /* Preview Assets.xcassets */,
			);
			path = "Preview Content";
			sourceTree = "<group>";
		};
		E0809EE92A5E4921004C81E9 /* dls-appTests */ = {
			isa = PBXGroup;
			children = (
				E0809EEA2A5E4921004C81E9 /* dls_appTests.swift */,
			);
			path = "dls-appTests";
			sourceTree = "<group>";
		};
		E0809EF32A5E4921004C81E9 /* dls-appUITests */ = {
			isa = PBXGroup;
			children = (
				E0809EF42A5E4921004C81E9 /* dls_appUITests.swift */,
				E0809EF62A5E4921004C81E9 /* dls_appUITestsLaunchTests.swift */,
			);
			path = "dls-appUITests";
			sourceTree = "<group>";
		};
/* End PBXGroup section */

/* Begin PBXNativeTarget section */
		E0809ED52A5E491F004C81E9 /* dls-app */ = {
			isa = PBXNativeTarget;
			buildConfigurationList = E0809EFA2A5E4921004C81E9 /* Build configuration list for PBXNativeTarget "dls-app" */;
			buildPhases = (
				E0809ED22A5E491F004C81E9 /* Sources */,
				E0809ED32A5E491F004C81E9 /* Frameworks */,
				E0809ED42A5E491F004C81E9 /* Resources */,
			);
			buildRules = (
			);
			dependencies = (
			);
			name = "dls-app";
			productName = "dls-app";
			productReference = E0809ED62A5E491F004C81E9 /* dls-app.app */;
			productType = "com.apple.product-type.application";
		};
		E0809EE52A5E4921004C81E9 /* dls-appTests */ = {
			isa = PBXNativeTarget;
			buildConfigurationList = E0809EFD2A5E4921004C81E9 /* Build configuration list for PBXNativeTarget "dls-appTests" */;
			buildPhases = (
				E0809EE22A5E4921004C81E9 /* Sources */,
				E0809EE32A5E4921004C81E9 /* Frameworks */,
				E0809EE42A5E4921004C81E9 /* Resources */,
			);
			buildRules = (
			);
			dependencies = (
				E0809EE82A5E4921004C81E9 /* PBXTargetDependency */,
			);
			name = "dls-appTests";
			productName = "dls-appTests";
			productReference = E0809EE62A5E4921004C81E9 /* dls-appTests.xctest */;
			productType = "com.apple.product-type.bundle.unit-test";
		};
		E0809EEF2A5E4921004C81E9 /* dls-appUITests */ = {
			isa = PBXNativeTarget;
			buildConfigurationList = E0809F002A5E4921004C81E9 /* Build configuration list for PBXNativeTarget "dls-appUITests" */;
			buildPhases = (
				E0809EEC2A5E4921004C81E9 /* Sources */,
				E0809EED2A5E4921004C81E9 /* Frameworks */,
				E0809EEE2A5E4921004C81E9 /* Resources */,
			);
			buildRules = (
			);
			dependencies = (
				E0809EF22A5E4921004C81E9 /* PBXTargetDependency */,
			);
			name = "dls-appUITests";
			productName = "dls-appUITests";
			productReference = E0809EF02A5E4921004C81E9 /* dls-appUITests.xctest */;
			productType = "com.apple.product-type.bundle.ui-testing";
		};
/* End PBXNativeTarget section */

/* Begin PBXProject section */
		E0809ECE2A5E491F004C81E9 /* Project object */ = {
			isa = PBXProject;
			attributes = {
				BuildIndependentTargetsInParallel = 1;
				LastSwiftUpdateCheck = 1340;
				LastUpgradeCheck = 1340;
				TargetAttributes = {
					E0809ED52A5E491F004C81E9 = {
						CreatedOnToolsVersion = 13.4.1;
					};
					E0809EE52A5E4921004C81E9 = {
						CreatedOnToolsVersion = 13.4.1;
						TestTargetID = E0809ED52A5E491F004C81E9;
					};
					E0809EEF2A5E4921004C81E9 = {
						CreatedOnToolsVersion = 13.4.1;
						TestTargetID = E0809ED52A5E491F004C81E9;
					};
				};
			};
			buildConfigurationList = E0809ED12A5E491F004C81E9 /* Build configuration list for PBXProject "dls-app" */;
			compatibilityVersion = "Xcode 13.0";
			developmentRegion = en;
			hasScannedForEncodings = 0;
			knownRegions = (
				en,
				Base,
			);
			mainGroup = E0809ECD2A5E491F004C81E9;
			productRefGroup = E0809ED72A5E491F004C81E9 /* Products */;
			projectDirPath = "";
			projectRoot = "";
			targets = (
				E0809ED52A5E491F004C81E9 /* dls-app */,
				E0809EE52A5E4921004C81E9 /* dls-appTests */,
				E0809EEF2A5E4921004C81E9 /* dls-appUITests */,
			);
		};
/* End PBXProject section */

/* Begin PBXResourcesBuildPhase section */
		E0809ED42A5E491F004C81E9 /* Resources */ = {
			isa = PBXResourcesBuildPhase;
			buildActionMask = 2147483647;
			files = (
				E0809EE12A5E4921004C81E9 /* Preview Assets.xcassets in Resources */,
				E0809EDE2A5E4921004C81E9 /* Assets.xcassets in Resources */,
			);
			runOnlyForDeploymentPostprocessing = 0;
		};
		E0809EE42A5E4921004C81E9 /* Resources */ = {
			isa = PBXResourcesBuildPhase;
			buildActionMask = 2147483647;
			files = (
			);
			runOnlyForDeploymentPostprocessing = 0;
		};
		E0809EEE2A5E4921004C81E9 /* Resources */ = {
			isa = PBXResourcesBuildPhase;
			buildActionMask = 2147483647;
			files = (
			);
			runOnlyForDeploymentPostprocessing = 0;
		};
/* End PBXResourcesBuildPhase section */

/* Begin PBXSourcesBuildPhase section */
		E0809ED22A5E491F004C81E9 /* Sources */ = {
			isa = PBXSourcesBuildPhase;
			buildActionMask = 2147483647;
			files = (
				E0809EDC2A5E491F004C81E9 /* ContentView.swift in Sources */,
				E0809EDA2A5E491F004C81E9 /* dls_appApp.swift in Sources */,
			);
			runOnlyForDeploymentPostprocessing = 0;
		};
		E0809EE22A5E4921004C81E9 /* Sources */ = {
			isa = PBXSourcesBuildPhase;
			buildActionMask = 2147483647;
			files = (
				E0809EEB2A5E4921004C81E9 /* dls_appTests.swift in Sources */,
			);
			runOnlyForDeploymentPostprocessing = 0;
		};
		E0809EEC2A5E4921004C81E9 /* Sources */ = {
			isa = PBXSourcesBuildPhase;
			buildActionMask = 2147483647;
			files = (
				E0809EF72A5E4921004C81E9 /* dls_appUITestsLaunchTests.swift in Sources */,
				E0809EF52A5E4921004C81E9 /* dls_appUITests.swift in Sources */,
			);
			runOnlyForDeploymentPostprocessing = 0;
		};
/* End PBXSourcesBuildPhase section */

/* Begin PBXTargetDependency section */
		E0809EE82A5E4921004C81E9 /* PBXTargetDependency */ = {
			isa = PBXTargetDependency;
			target = E0809ED52A5E491F004C81E9 /* dls-app */;
			targetProxy = E0809EE72A5E4921004C81E9 /* PBXContainerItemProxy */;
		};
		E0809EF22A5E4921004C81E9 /* PBXTargetDependency */ = {
			isa = PBXTargetDependency;
			target = E0809ED52A5E491F004C81E9 /* dls-app */;
			targetProxy = E0809EF12A5E4921004C81E9 /* PBXContainerItemProxy */;
		};
/* End PBXTargetDependency section */

/* Begin XCBuildConfiguration section */
		E0809EF82A5E4921004C81E9 /* Debug */ = {
			isa = XCBuildConfiguration;
			buildSettings = {
				ALWAYS_SEARCH_USER_PATHS = NO;
				CLANG_ANALYZER_NONNULL = YES;
				CLANG_ANALYZER_NUMBER_OBJECT_CONVERSION = YES_AGGRESSIVE;
				CLANG_CXX_LANGUAGE_STANDARD = "gnu++17";
				CLANG_ENABLE_MODULES = YES;
				CLANG_ENABLE_OBJC_ARC = YES;
				CLANG_ENABLE_OBJC_WEAK = YES;
				CLANG_WARN_BLOCK_CAPTURE_AUTORELEASING = YES;
				CLANG_WARN_BOOL_CONVERSION = YES;
				CLANG_WARN_COMMA = YES;
				CLANG_WARN_CONSTANT_CONVERSION = YES;
				CLANG_WARN_DEPRECATED_OBJC_IMPLEMENTATIONS = YES;
				CLANG_WARN_DIRECT_OBJC_ISA_USAGE = YES_ERROR;
				CLANG_WARN_DOCUMENTATION_COMMENTS = YES;
				CLANG_WARN_EMPTY_BODY = YES;
				CLANG_WARN_ENUM_CONVERSION = YES;
				CLANG_WARN_INFINITE_RECURSION = YES;
				CLANG_WARN_INT_CONVERSION = YES;
				CLANG_WARN_NON_LITERAL_NULL_CONVERSION = YES;
				CLANG_WARN_OBJC_IMPLICIT_RETAIN_SELF = YES;
				CLANG_WARN_OBJC_LITERAL_CONVERSION = YES;
				CLANG_WARN_OBJC_ROOT_CLASS = YES_ERROR;
				CLANG_WARN_QUOTED_INCLUDE_IN_FRAMEWORK_HEADER = YES;
				CLANG_WARN_RANGE_LOOP_ANALYSIS = YES;
				CLANG_WARN_STRICT_PROTOTYPES = YES;
				CLANG_WARN_SUSPICIOUS_MOVE = YES;
				CLANG_WARN_UNGUARDED_AVAILABILITY = YES_AGGRESSIVE;
				CLANG_WARN_UNREACHABLE_CODE = YES;
				CLANG_WARN__DUPLICATE_METHOD_MATCH = YES;
				COPY_PHASE_STRIP = NO;
				DEBUG_INFORMATION_FORMAT = dwarf;
				ENABLE_STRICT_OBJC_MSGSEND = YES;
				ENABLE_TESTABILITY = YES;
				GCC_C_LANGUAGE_STANDARD = gnu11;
				GCC_DYNAMIC_NO_PIC = NO;
				GCC_NO_COMMON_BLOCKS = YES;
				GCC_OPTIMIZATION_LEVEL = 0;
				GCC_PREPROCESSOR_DEFINITIONS = (
					"DEBUG=1",
					"$(inherited)",
				);
				GCC_WARN_64_TO_32_BIT_CONVERSION = YES;
				GCC_WARN_ABOUT_RETURN_TYPE = YES_ERROR;
				GCC_WARN_UNDECLARED_SELECTOR = YES;
				GCC_WARN_UNINITIALIZED_AUTOS = YES_AGGRESSIVE;
				GCC_WARN_UNUSED_FUNCTION = YES;
				GCC_WARN_UNUSED_VARIABLE = YES;
				IPHONEOS_DEPLOYMENT_TARGET = 15.5;
				MTL_ENABLE_DEBUG_INFO = INCLUDE_SOURCE;
				MTL_FAST_MATH = YES;
				ONLY_ACTIVE_ARCH = YES;
				SDKROOT = iphoneos;
				SWIFT_ACTIVE_COMPILATION_CONDITIONS = DEBUG;
				SWIFT_OPTIMIZATION_LEVEL = "-Onone";
			};
			name = Debug;
		};
		E0809EF92A5E4921004C81E9 /* Release */ = {
			isa = XCBuildConfiguration;
			buildSettings = {
				ALWAYS_SEARCH_USER_PATHS = NO;
				CLANG_ANALYZER_NONNULL = YES;
				CLANG_ANALYZER_NUMBER_OBJECT_CONVERSION = YES_AGGRESSIVE;
				CLANG_CXX_LANGUAGE_STANDARD = "gnu++17";
				CLANG_ENABLE_MODULES = YES;
				CLANG_ENABLE_OBJC_ARC = YES;
				CLANG_ENABLE_OBJC_WEAK = YES;
				CLANG_WARN_BLOCK_CAPTURE_AUTORELEASING = YES;
				CLANG_WARN_BOOL_CONVERSION = YES;
				CLANG_WARN_COMMA = YES;
				CLANG_WARN_CONSTANT_CONVERSION = YES;
				CLANG_WARN_DEPRECATED_OBJC_IMPLEMENTATIONS = YES;
				CLANG_WARN_DIRECT_OBJC_ISA_USAGE = YES_ERROR;
				CLANG_WARN_DOCUMENTATION_COMMENTS = YES;
				CLANG_WARN_EMPTY_BODY = YES;
				CLANG_WARN_ENUM_CONVERSION = YES;
				CLANG_WARN_INFINITE_RECURSION = YES;
				CLANG_WARN_INT_CONVERSION = YES;
				CLANG_WARN_NON_LITERAL_NULL_CONVERSION = YES;
				CLANG_WARN_OBJC_IMPLICIT_RETAIN_SELF = YES;
				CLANG_WARN_OBJC_LITERAL_CONVERSION = YES;
				CLANG_WARN_OBJC_ROOT_CLASS = YES_ERROR;
				CLANG_WARN_QUOTED_INCLUDE_IN_FRAMEWORK_HEADER = YES;
				CLANG_WARN_RANGE_LOOP_ANALYSIS = YES;
				CLANG_WARN_STRICT_PROTOTYPES = YES;
				CLANG_WARN_SUSPICIOUS_MOVE = YES;
				CLANG_WARN_UNGUARDED_AVAILABILITY = YES_AGGRESSIVE;
				CLANG_WARN_UNREACHABLE_CODE = YES;
				CLANG_WARN__DUPLICATE_METHOD_MATCH = YES;
				COPY_PHASE_STRIP = NO;
				DEBUG_INFORMATION_FORMAT = "dwarf-with-dsym";
				ENABLE_NS_ASSERTIONS = NO;
				ENABLE_STRICT_OBJC_MSGSEND = YES;
				GCC_C_LANGUAGE_STANDARD = gnu11;
				GCC_NO_COMMON_BLOCKS = YES;
				GCC_WARN_64_TO_32_BIT_CONVERSION = YES;
				GCC_WARN_ABOUT_RETURN_TYPE = YES_ERROR;
				GCC_WARN_UNDECLARED_SELECTOR = YES;
				GCC_WARN_UNINITIALIZED_AUTOS = YES_AGGRESSIVE;
				GCC_WARN_UNUSED_FUNCTION = YES;
				GCC_WARN_UNUSED_VARIABLE = YES;
				IPHONEOS_DEPLOYMENT_TARGET = 15.5;
				MTL_ENABLE_DEBUG_INFO = NO;
				MTL_FAST_MATH = YES;
				SDKROOT = iphoneos;
				SWIFT_COMPILATION_MODE = wholemodule;
				SWIFT_OPTIMIZATION_LEVEL = "-O";
				VALIDATE_PRODUCT = YES;
			};
			name = Release;
		};
		E0809EFB2A5E4921004C81E9 /* Debug */ = {
			isa = XCBuildConfiguration;
			buildSettings = {
				ASSETCATALOG_COMPILER_APPICON_NAME = AppIcon;
				ASSETCATALOG_COMPILER_GLOBAL_ACCENT_COLOR_NAME = AccentColor;
				CODE_SIGN_STYLE = Automatic;
				CURRENT_PROJECT_VERSION = 1;
				DEVELOPMENT_ASSET_PATHS = "\"dls-app/Preview Content\"";
				ENABLE_PREVIEWS = YES;
				GENERATE_INFOPLIST_FILE = YES;
				INFOPLIST_KEY_UIApplicationSceneManifest_Generation = YES;
				INFOPLIST_KEY_UIApplicationSupportsIndirectInputEvents = YES;
				INFOPLIST_KEY_UILaunchScreen_Generation = YES;
				INFOPLIST_KEY_UISupportedInterfaceOrientations_iPad = "UIInterfaceOrientationPortrait UIInterfaceOrientationPortraitUpsideDown UIInterfaceOrientationLandscapeLeft UIInterfaceOrientationLandscapeRight";
				INFOPLIST_KEY_UISupportedInterfaceOrientations_iPhone = "UIInterfaceOrientationPortrait UIInterfaceOrientationLandscapeLeft UIInterfaceOrientationLandscapeRight";
				LD_RUNPATH_SEARCH_PATHS = (
					"$(inherited)",
					"@executable_path/Frameworks",
				);
				MARKETING_VERSION = 1.0;
				PRODUCT_BUNDLE_IDENTIFIER = "test.dls-app";
				PRODUCT_NAME = "$(TARGET_NAME)";
				SWIFT_EMIT_LOC_STRINGS = YES;
				SWIFT_VERSION = 5.0;
				TARGETED_DEVICE_FAMILY = "1,2";
			};
			name = Debug;
		};
		E0809EFC2A5E4921004C81E9 /* Release */ = {
			isa = XCBuildConfiguration;
			buildSettings = {
				ASSETCATALOG_COMPILER_APPICON_NAME = AppIcon;
				ASSETCATALOG_COMPILER_GLOBAL_ACCENT_COLOR_NAME = AccentColor;
				CODE_SIGN_STYLE = Automatic;
				CURRENT_PROJECT_VERSION = 1;
				DEVELOPMENT_ASSET_PATHS = "\"dls-app/Preview Content\"";
				ENABLE_PREVIEWS = YES;
				GENERATE_INFOPLIST_FILE = YES;
				INFOPLIST_KEY_UIApplicationSceneManifest_Generation = YES;
				INFOPLIST_KEY_UIApplicationSupportsIndirectInputEvents = YES;
				INFOPLIST_KEY_UILaunchScreen_Generation = YES;
				INFOPLIST_KEY_UISupportedInterfaceOrientations_iPad = "UIInterfaceOrientationPortrait UIInterfaceOrientationPortraitUpsideDown UIInterfaceOrientationLandscapeLeft UIInterfaceOrientationLandscapeRight";
				INFOPLIST_KEY_UISupportedInterfaceOrientations_iPhone = "UIInterfaceOrientationPortrait UIInterfaceOrientationLandscapeLeft UIInterfaceOrientationLandscapeRight";
				LD_RUNPATH_SEARCH_PATHS = (
					"$(inherited)",
					"@executable_path/Frameworks",
				);
				MARKETING_VERSION = 1.0;
				PRODUCT_BUNDLE_IDENTIFIER = "test.dls-app";
				PRODUCT_NAME = "$(TARGET_NAME)";
				SWIFT_EMIT_LOC_STRINGS = YES;
				SWIFT_VERSION = 5.0;
				TARGETED_DEVICE_FAMILY = "1,2";
			};
			name = Release;
		};
		E0809EFE2A5E4921004C81E9 /* Debug */ = {
			isa = XCBuildConfiguration;
			buildSettings = {
				ALWAYS_EMBED_SWIFT_STANDARD_LIBRARIES = YES;
				BUNDLE_LOADER = "$(TEST_HOST)";
				CODE_SIGN_STYLE = Automatic;
				CURRENT_PROJECT_VERSION = 1;
				GENERATE_INFOPLIST_FILE = YES;
				IPHONEOS_DEPLOYMENT_TARGET = 15.5;
				MARKETING_VERSION = 1.0;
				PRODUCT_BUNDLE_IDENTIFIER = "test.dls-appTests";
				PRODUCT_NAME = "$(TARGET_NAME)";
				SWIFT_EMIT_LOC_STRINGS = NO;
				SWIFT_VERSION = 5.0;
				TARGETED_DEVICE_FAMILY = "1,2";
				TEST_HOST = "$(BUILT_PRODUCTS_DIR)/dls-app.app/dls-app";
			};
			name = Debug;
		};
		E0809EFF2A5E4921004C81E9 /* Release */ = {
			isa = XCBuildConfiguration;
			buildSettings = {
				ALWAYS_EMBED_SWIFT_STANDARD_LIBRARIES = YES;
				BUNDLE_LOADER = "$(TEST_HOST)";
				CODE_SIGN_STYLE = Automatic;
				CURRENT_PROJECT_VERSION = 1;
				GENERATE_INFOPLIST_FILE = YES;
				IPHONEOS_DEPLOYMENT_TARGET = 15.5;
				MARKETING_VERSION = 1.0;
				PRODUCT_BUNDLE_IDENTIFIER = "test.dls-appTests";
				PRODUCT_NAME = "$(TARGET_NAME)";
				SWIFT_EMIT_LOC_STRINGS = NO;
				SWIFT_VERSION = 5.0;
				TARGETED_DEVICE_FAMILY = "1,2";
				TEST_HOST = "$(BUILT_PRODUCTS_DIR)/dls-app.app/dls-app";
			};
			name = Release;
		};
		E0809F012A5E4921004C81E9 /* Debug */ = {
			isa = XCBuildConfiguration;
			buildSettings = {
				ALWAYS_EMBED_SWIFT_STANDARD_LIBRARIES = YES;
				CODE_SIGN_STYLE = Automatic;
				CURRENT_PROJECT_VERSION = 1;
				GENERATE_INFOPLIST_FILE = YES;
				MARKETING_VERSION = 1.0;
				PRODUCT_BUNDLE_IDENTIFIER = "test.dls-appUITests";
				PRODUCT_NAME = "$(TARGET_NAME)";
				SWIFT_EMIT_LOC_STRINGS = NO;
				SWIFT_VERSION = 5.0;
				TARGETED_DEVICE_FAMILY = "1,2";
				TEST_TARGET_NAME = "dls-app";
			};
			name = Debug;
		};
		E0809F022A5E4921004C81E9 /* Release */ = {
			isa = XCBuildConfiguration;
			buildSettings = {
				ALWAYS_EMBED_SWIFT_STANDARD_LIBRARIES = YES;
				CODE_SIGN_STYLE = Automatic;
				CURRENT_PROJECT_VERSION = 1;
				GENERATE_INFOPLIST_FILE = YES;
				MARKETING_VERSION = 1.0;
				PRODUCT_BUNDLE_IDENTIFIER = "test.dls-appUITests";
				PRODUCT_NAME = "$(TARGET_NAME)";
				SWIFT_EMIT_LOC_STRINGS = NO;
				SWIFT_VERSION = 5.0;
				TARGETED_DEVICE_FAMILY = "1,2";
				TEST_TARGET_NAME = "dls-app";
			};
			name = Release;
		};
/* End XCBuildConfiguration section */

/* Begin XCConfigurationList section */
		E0809ED12A5E491F004C81E9 /* Build configuration list for PBXProject "dls-app" */ = {
			isa = XCConfigurationList;
			buildConfigurations = (
				E0809EF82A5E4921004C81E9 /* Debug */,
				E0809EF92A5E4921004C81E9 /* Release */,
			);
			defaultConfigurationIsVisible = 0;
			defaultConfigurationName = Release;
		};
		E0809EFA2A5E4921004C81E9 /* Build configuration list for PBXNativeTarget "dls-app" */ = {
			isa = XCConfigurationList;
			buildConfigurations = (
				E0809EFB2A5E4921004C81E9 /* Debug */,
				E0809EFC2A5E4921004C81E9 /* Release */,
			);
			defaultConfigurationIsVisible = 0;
			defaultConfigurationName = Release;
		};
		E0809EFD2A5E4921004C81E9 /* Build configuration list for PBXNativeTarget "dls-appTests" */ = {
			isa = XCConfigurationList;
			buildConfigurations = (
				E0809EFE2A5E4921004C81E9 /* Debug */,
				E0809EFF2A5E4921004C81E9 /* Release */,
			);
			defaultConfigurationIsVisible = 0;
			defaultConfigurationName = Release;
		};
		E0809F002A5E4921004C81E9 /* Build configuration list for PBXNativeTarget "dls-appUITests" */ = {
			isa = XCConfigurationList;
			buildConfigurations = (
				E0809F012A5E4921004C81E9 /* Debug */,
				E0809F022A5E4921004C81E9 /* Release */,
			);
			defaultConfigurationIsVisible = 0;
			defaultConfigurationName = Release;
		};
/* End XCConfigurationList section */
	};
	rootObject = E0809ECE2A5E491F004C81E9 /* Project object */;
}
